
Microsoft Visual Studio Solution File, Format Version 12.00
Project("{2150E333-8FDC-42A3-9474-1A3956D46DE8}") = "src", "src", "{6FD3F3A5-420E-459D-A1DA-EE8F541C8AE1}"
EndProject
Project("{2150E333-8FDC-42A3-9474-1A3956D46DE8}") = "Services", "Services", "{1F4FAA28-6F1A-4AF5-B511-3AF51620E1B7}"
EndProject
Project("{FAE04EC0-301F-11D3-BF4B-00C04F79EFBC}") = "User.Api", "src\Services\User.Api\User.Api.csproj", "{CC54B8EB-EFF5-47A4-BBBB-EFCEE7210BC9}"
EndProject
Project("{FAE04EC0-301F-11D3-BF4B-00C04F79EFBC}") = "Auth.Api", "src\Services\Auth.Api\Auth.Api.csproj", "{4A7BF3B8-00A2-42D3-8D79-9D52F31E7912}"
EndProject
Project("{2150E333-8FDC-42A3-9474-1A3956D46DE8}") = "Common", "Common", "{9C452511-9C66-48D9-8025-1999275B13C3}"
EndProject
Project("{FAE04EC0-301F-11D3-BF4B-00C04F79EFBC}") = "Shared", "src\Common\Shared\Shared.csproj", "{33CE714F-0CF8-488A-B939-7FDF4B8C0185}"
EndProject
Project("{2150E333-8FDC-42A3-9474-1A3956D46DE8}") = "tests", "tests", "{001F484D-E01A-4C63-AE3F-3FBE581402D0}"
EndProject
Project("{FAE04EC0-301F-11D3-BF4B-00C04F79EFBC}") = "Kafka.UnitTests", "tests\Kafka.UnitTests\Kafka.UnitTests.csproj", "{9C0C618B-2262-4E3E-9806-F60155DD1C1C}"
EndProject
Project("{2150E333-8FDC-42A3-9474-1A3956D46DE8}") = "Solution Items", "Solution Items", "{47727DAA-D7DE-4AFA-B00D-AF227E6AF9B8}"
	ProjectSection(SolutionItems) = preProject
		docker-compose.yml = docker-compose.yml
	EndProjectSection
EndProject
Global
	GlobalSection(SolutionConfigurationPlatforms) = preSolution
		Debug|Any CPU = Debug|Any CPU
		Release|Any CPU = Release|Any CPU
	EndGlobalSection
	GlobalSection(NestedProjects) = preSolution
		{1F4FAA28-6F1A-4AF5-B511-3AF51620E1B7} = {6FD3F3A5-420E-459D-A1DA-EE8F541C8AE1}
		{CC54B8EB-EFF5-47A4-BBBB-EFCEE7210BC9} = {1F4FAA28-6F1A-4AF5-B511-3AF51620E1B7}
		{4A7BF3B8-00A2-42D3-8D79-9D52F31E7912} = {1F4FAA28-6F1A-4AF5-B511-3AF51620E1B7}
		{9C452511-9C66-48D9-8025-1999275B13C3} = {6FD3F3A5-420E-459D-A1DA-EE8F541C8AE1}
		{33CE714F-0CF8-488A-B939-7FDF4B8C0185} = {9C452511-9C66-48D9-8025-1999275B13C3}
		{9C0C618B-2262-4E3E-9806-F60155DD1C1C} = {001F484D-E01A-4C63-AE3F-3FBE581402D0}
	EndGlobalSection
	GlobalSection(ProjectConfigurationPlatforms) = postSolution
		{CC54B8EB-EFF5-47A4-BBBB-EFCEE7210BC9}.Debug|Any CPU.ActiveCfg = Debug|Any CPU
		{CC54B8EB-EFF5-47A4-BBBB-EFCEE7210BC9}.Debug|Any CPU.Build.0 = Debug|Any CPU
		{CC54B8EB-EFF5-47A4-BBBB-EFCEE7210BC9}.Release|Any CPU.ActiveCfg = Release|Any CPU
		{CC54B8EB-EFF5-47A4-BBBB-EFCEE7210BC9}.Release|Any CPU.Build.0 = Release|Any CPU
		{4A7BF3B8-00A2-42D3-8D79-9D52F31E7912}.Debug|Any CPU.ActiveCfg = Debug|Any CPU
		{4A7BF3B8-00A2-42D3-8D79-9D52F31E7912}.Debug|Any CPU.Build.0 = Debug|Any CPU
		{4A7BF3B8-00A2-42D3-8D79-9D52F31E7912}.Release|Any CPU.ActiveCfg = Release|Any CPU
		{4A7BF3B8-00A2-42D3-8D79-9D52F31E7912}.Release|Any CPU.Build.0 = Release|Any CPU
		{33CE714F-0CF8-488A-B939-7FDF4B8C0185}.Debug|Any CPU.ActiveCfg = Debug|Any CPU
		{33CE714F-0CF8-488A-B939-7FDF4B8C0185}.Debug|Any CPU.Build.0 = Debug|Any CPU
		{33CE714F-0CF8-488A-B939-7FDF4B8C0185}.Release|Any CPU.ActiveCfg = Release|Any CPU
		{33CE714F-0CF8-488A-B939-7FDF4B8C0185}.Release|Any CPU.Build.0 = Release|Any CPU
		{9C0C618B-2262-4E3E-9806-F60155DD1C1C}.Debug|Any CPU.ActiveCfg = Debug|Any CPU
		{9C0C618B-2262-4E3E-9806-F60155DD1C1C}.Debug|Any CPU.Build.0 = Debug|Any CPU
		{9C0C618B-2262-4E3E-9806-F60155DD1C1C}.Release|Any CPU.ActiveCfg = Release|Any CPU
		{9C0C618B-2262-4E3E-9806-F60155DD1C1C}.Release|Any CPU.Build.0 = Release|Any CPU
	EndGlobalSection
EndGlobal
